lockfileVersion: 5.4

specifiers:
  '@codemirror/language': ^0.19.7
  '@codemirror/rangeset': ^0.19.8
  '@codemirror/state': ^0.19.6
  '@codemirror/stream-parser': ^0.19.6
  '@codemirror/view': ^0.19.39
  '@types/common-tags': ^1.8.1
  '@types/lodash': ^4.14.172
  '@types/node': ^14.14.37
  '@types/node-emoji': ^1.8.1
  '@types/twemoji': ^12.1.2
  '@types/validator': ^13.6.3
  builtin-modules: ^3.2.0
  common-tags: ^1.8.0
  dotenv: ^16.0.0
  emoji-regex: ^10.0.0
  esbuild: ^0.13.0
  esbuild-sass-plugin: ^2.2.4
  lodash: ^4.17.21
  node-emoji: ^1.11.0
  obsidian: ^0.13.21
  sass: ^1.37.5
  tslib: ^2.2.0
  twemoji: ^13.1.0
  typescript: ^4.2.4
  validator: ^13.6.0

dependencies:
  '@codemirror/language': 0.19.10
  '@codemirror/rangeset': 0.19.9
  '@codemirror/state': 0.19.9
  '@codemirror/stream-parser': 0.19.9
  '@codemirror/view': 0.19.48
  common-tags: 1.8.2
  emoji-regex: 10.2.1
  lodash: 4.17.21
  node-emoji: 1.11.0
  obsidian: 0.13.30
  twemoji: 13.1.1
  validator: 13.9.0

devDependencies:
  '@types/common-tags': 1.8.1
  '@types/lodash': 4.14.195
  '@types/node': 14.18.51
  '@types/node-emoji': 1.8.2
  '@types/twemoji': 12.1.2
  '@types/validator': 13.7.17
  builtin-modules: 3.3.0
  dotenv: 16.3.1
  esbuild: 0.13.15
  esbuild-sass-plugin: 2.10.0_esbuild@0.13.15
  sass: 1.63.6
  tslib: 2.5.3
  typescript: 4.9.5

packages:

  /@codemirror/highlight/0.19.8:
    resolution: {integrity: sha512-v/lzuHjrYR8MN2mEJcUD6fHSTXXli9C1XGYpr+ElV6fLBIUhMTNKR3qThp611xuWfXfwDxeL7ppcbkM/MzPV3A==}
    deprecated: As of 0.20.0, this package has been split between @lezer/highlight and @codemirror/language
    dependencies:
      '@codemirror/language': 0.19.10
      '@codemirror/rangeset': 0.19.9
      '@codemirror/state': 0.19.9
      '@codemirror/view': 0.19.48
      '@lezer/common': 0.15.12
      style-mod: 4.0.3
    dev: false

  /@codemirror/language/0.19.10:
    resolution: {integrity: sha512-yA0DZ3RYn2CqAAGW62VrU8c4YxscMQn45y/I9sjBlqB1e2OTQLg4CCkMBuMSLXk4xaqjlsgazeOQWaJQOKfV8Q==}
    dependencies:
      '@codemirror/state': 0.19.9
      '@codemirror/text': 0.19.6
      '@codemirror/view': 0.19.48
      '@lezer/common': 0.15.12
      '@lezer/lr': 0.15.8
    dev: false

  /@codemirror/rangeset/0.19.9:
    resolution: {integrity: sha512-V8YUuOvK+ew87Xem+71nKcqu1SXd5QROMRLMS/ljT5/3MCxtgrRie1Cvild0G/Z2f1fpWxzX78V0U4jjXBorBQ==}
    deprecated: As of 0.20.0, this package has been merged into @codemirror/state
    dependencies:
      '@codemirror/state': 0.19.9
    dev: false

  /@codemirror/state/0.19.9:
    resolution: {integrity: sha512-psOzDolKTZkx4CgUqhBQ8T8gBc0xN5z4gzed109aF6x7D7umpDRoimacI/O6d9UGuyl4eYuDCZmDFr2Rq7aGOw==}
    dependencies:
      '@codemirror/text': 0.19.6
    dev: false

  /@codemirror/stream-parser/0.19.9:
    resolution: {integrity: sha512-WTmkEFSRCetpk8xIOvV2yyXdZs3DgYckM0IP7eFi4ewlxWnJO/H4BeJZLs4wQaydWsAqTQoDyIwNH1BCzK5LUQ==}
    deprecated: As of 0.20.0, this package has been merged into @codemirror/language
    dependencies:
      '@codemirror/highlight': 0.19.8
      '@codemirror/language': 0.19.10
      '@codemirror/state': 0.19.9
      '@codemirror/text': 0.19.6
      '@lezer/common': 0.15.12
      '@lezer/lr': 0.15.8
    dev: false

  /@codemirror/text/0.19.6:
    resolution: {integrity: sha512-T9jnREMIygx+TPC1bOuepz18maGq/92q2a+n4qTqObKwvNMg+8cMTslb8yxeEDEq7S3kpgGWxgO1UWbQRij0dA==}
    deprecated: As of 0.20.0, this package has been merged into @codemirror/state
    dev: false

  /@codemirror/view/0.19.48:
    resolution: {integrity: sha512-0eg7D2Nz4S8/caetCTz61rK0tkHI17V/d15Jy0kLOT8dTLGGNJUponDnW28h2B6bERmPlVHKh8MJIr5OCp1nGw==}
    dependencies:
      '@codemirror/rangeset': 0.19.9
      '@codemirror/state': 0.19.9
      '@codemirror/text': 0.19.6
      style-mod: 4.0.3
      w3c-keyname: 2.2.8
    dev: false

  /@lezer/common/0.15.12:
    resolution: {integrity: sha512-edfwCxNLnzq5pBA/yaIhwJ3U3Kz8VAUOTRg0hhxaizaI1N+qxV7EXDv/kLCkLeq2RzSFvxexlaj5Mzfn2kY0Ig==}
    dev: false

  /@lezer/lr/0.15.8:
    resolution: {integrity: sha512-bM6oE6VQZ6hIFxDNKk8bKPa14hqFrV07J/vHGOeiAbJReIaQXmkVb6xQu4MR+JBTLa5arGRyAAjJe1qaQt3Uvg==}
    dependencies:
      '@lezer/common': 0.15.12
    dev: false

  /@types/codemirror/0.0.108:
    resolution: {integrity: sha512-3FGFcus0P7C2UOGCNUVENqObEb4SFk+S8Dnxq7K6aIsLVs/vDtlangl3PEO0ykaKXyK56swVF6Nho7VsA44uhw==}
    dependencies:
      '@types/tern': 0.23.4
    dev: false

  /@types/common-tags/1.8.1:
    resolution: {integrity: sha512-20R/mDpKSPWdJs5TOpz3e7zqbeCNuMCPhV7Yndk9KU2Rbij2r5W4RzwDPkzC+2lzUqXYu9rFzTktCBnDjHuNQg==}
    dev: true

  /@types/estree/1.0.1:
    resolution: {integrity: sha512-LG4opVs2ANWZ1TJoKc937iMmNstM/d0ae1vNbnBvBhqCSezgVUOzcLCqbI5elV8Vy6WKwKjaqR+zO9VKirBBCA==}
    dev: false

  /@types/lodash/4.14.195:
    resolution: {integrity: sha512-Hwx9EUgdwf2GLarOjQp5ZH8ZmblzcbTBC2wtQWNKARBSxM9ezRIAUpeDTgoQRAFB0+8CNWXVA9+MaSOzOF3nPg==}
    dev: true

  /@types/node-emoji/1.8.2:
    resolution: {integrity: sha512-PfF1qL/9veo8BSHLV84C9ORNr3lHSlnWJ6yU8OdNufoftajeWHTLVbGHvp2B7e7DPDS9gMs6cfeSsqo5rqSitg==}
    dev: true

  /@types/node/14.18.51:
    resolution: {integrity: sha512-P9bsdGFPpVtofEKlhWMVS2qqx1A/rt9QBfihWlklfHHpUpjtYse5AzFz6j4DWrARLYh6gRnw9+5+DJcrq3KvBA==}
    dev: true

  /@types/tern/0.23.4:
    resolution: {integrity: sha512-JAUw1iXGO1qaWwEOzxTKJZ/5JxVeON9kvGZ/osgZaJImBnyjyn0cjovPsf6FNLmyGY8Vw9DoXZCMlfMkMwHRWg==}
    dependencies:
      '@types/estree': 1.0.1
    dev: false

  /@types/twemoji/12.1.2:
    resolution: {integrity: sha512-3eMyKenMi0R1CeKzBYtk/Z2JIHsTMQrIrTah0q54o45pHTpWVNofU2oHx0jS8tqsDRhis2TbB6238WP9oh2l2w==}
    dev: true

  /@types/validator/13.7.17:
    resolution: {integrity: sha512-aqayTNmeWrZcvnG2MG9eGYI6b7S5fl+yKgPs6bAjOTwPS316R5SxBGKvtSExfyoJU7pIeHJfsHI0Ji41RVMkvQ==}
    dev: true

  /anymatch/3.1.3:
    resolution: {integrity: sha512-KMReFUr0B4t+D+OBkjR3KYqvocp2XaSzO55UcB6mgQMd3KbcE+mWTyvVV7D/zsdEbNnV6acZUutkiHQXvTr1Rw==}
    engines: {node: '>= 8'}
    dependencies:
      normalize-path: 3.0.0
      picomatch: 2.3.1
    dev: true

  /binary-extensions/2.2.0:
    resolution: {integrity: sha512-jDctJ/IVQbZoJykoeHbhXpOlNBqGNcwXJKJog42E5HDPUwQTSdjCHdihjj0DlnheQ7blbT6dHOafNAiS8ooQKA==}
    engines: {node: '>=8'}
    dev: true

  /braces/3.0.2:
    resolution: {integrity: sha512-b8um+L1RzM3WDSzvhm6gIz1yfTbBt6YTlcEKAvsmqCZZFw46z626lVj9j1yEPW33H5H+lBQpZMP1k8l+78Ha0A==}
    engines: {node: '>=8'}
    dependencies:
      fill-range: 7.0.1
    dev: true

  /builtin-modules/3.3.0:
    resolution: {integrity: sha512-zhaCDicdLuWN5UbN5IMnFqNMhNfo919sH85y2/ea+5Yg9TsTkeZxpL+JLbp6cgYFS4sRLp3YV4S6yDuqVWHYOw==}
    engines: {node: '>=6'}
    dev: true

  /chokidar/3.5.3:
    resolution: {integrity: sha512-Dr3sfKRP6oTcjf2JmUmFJfeVMvXBdegxB0iVQ5eb2V10uFJUCAS8OByZdVAyVb8xXNz3GjjTgj9kLWsZTqE6kw==}
    engines: {node: '>= 8.10.0'}
    dependencies:
      anymatch: 3.1.3
      braces: 3.0.2
      glob-parent: 5.1.2
      is-binary-path: 2.1.0
      is-glob: 4.0.3
      normalize-path: 3.0.0
      readdirp: 3.6.0
    optionalDependencies:
      fsevents: 2.3.2
    dev: true

  /common-tags/1.8.2:
    resolution: {integrity: sha512-gk/Z852D2Wtb//0I+kRFNKKE9dIIVirjoqPoA1wJU+XePVXZfGeBpk45+A1rKO4Q43prqWBNY/MiIeRLbPWUaA==}
    engines: {node: '>=4.0.0'}
    dev: false

  /dotenv/16.3.1:
    resolution: {integrity: sha512-IPzF4w4/Rd94bA9imS68tZBaYyBWSCE47V1RGuMrB94iyTOIEwRmVL2x/4An+6mETpLrKJ5hQkB8W4kFAadeIQ==}
    engines: {node: '>=12'}
    dev: true

  /emoji-regex/10.2.1:
    resolution: {integrity: sha512-97g6QgOk8zlDRdgq1WxwgTMgEWGVAQvB5Fdpgc1MkNy56la5SKP9GsMXKDOdqwn90/41a8yPwIGk1Y6WVbeMQA==}
    dev: false

  /esbuild-android-arm64/0.13.15:
    resolution: {integrity: sha512-m602nft/XXeO8YQPUDVoHfjyRVPdPgjyyXOxZ44MK/agewFFkPa8tUo6lAzSWh5Ui5PB4KR9UIFTSBKh/RrCmg==}
    cpu: [arm64]
    os: [android]
    requiresBuild: true
    dev: true
    optional: true

  /esbuild-darwin-64/0.13.15:
    resolution: {integrity: sha512-ihOQRGs2yyp7t5bArCwnvn2Atr6X4axqPpEdCFPVp7iUj4cVSdisgvEKdNR7yH3JDjW6aQDw40iQFoTqejqxvQ==}
    cpu: [x64]
    os: [darwin]
    requiresBuild: true
    dev: true
    optional: true

  /esbuild-darwin-arm64/0.13.15:
    resolution: {integrity: sha512-i1FZssTVxUqNlJ6cBTj5YQj4imWy3m49RZRnHhLpefFIh0To05ow9DTrXROTE1urGTQCloFUXTX8QfGJy1P8dQ==}
    cpu: [arm64]
    os: [darwin]
    requiresBuild: true
    dev: true
    optional: true

  /esbuild-freebsd-64/0.13.15:
    resolution: {integrity: sha512-G3dLBXUI6lC6Z09/x+WtXBXbOYQZ0E8TDBqvn7aMaOCzryJs8LyVXKY4CPnHFXZAbSwkCbqiPuSQ1+HhrNk7EA==}
    cpu: [x64]
    os: [freebsd]
    requiresBuild: true
    dev: true
    optional: true

  /esbuild-freebsd-arm64/0.13.15:
    resolution: {integrity: sha512-KJx0fzEDf1uhNOZQStV4ujg30WlnwqUASaGSFPhznLM/bbheu9HhqZ6mJJZM32lkyfGJikw0jg7v3S0oAvtvQQ==}
    cpu: [arm64]
    os: [freebsd]
    requiresBuild: true
    dev: true
    optional: true

  /esbuild-linux-32/0.13.15:
    resolution: {integrity: sha512-ZvTBPk0YWCLMCXiFmD5EUtB30zIPvC5Itxz0mdTu/xZBbbHJftQgLWY49wEPSn2T/TxahYCRDWun5smRa0Tu+g==}
    cpu: [ia32]
    os: [linux]
    requiresBuild: true
    dev: true
    optional: true

  /esbuild-linux-64/0.13.15:
    resolution: {integrity: sha512-eCKzkNSLywNeQTRBxJRQ0jxRCl2YWdMB3+PkWFo2BBQYC5mISLIVIjThNtn6HUNqua1pnvgP5xX0nHbZbPj5oA==}
    cpu: [x64]
    os: [linux]
    requiresBuild: true
    dev: true
    optional: true

  /esbuild-linux-arm/0.13.15:
    resolution: {integrity: sha512-wUHttDi/ol0tD8ZgUMDH8Ef7IbDX+/UsWJOXaAyTdkT7Yy9ZBqPg8bgB/Dn3CZ9SBpNieozrPRHm0BGww7W/jA==}
    cpu: [arm]
    os: [linux]
    requiresBuild: true
    dev: true
    optional: true

  /esbuild-linux-arm64/0.13.15:
    resolution: {integrity: sha512-bYpuUlN6qYU9slzr/ltyLTR9YTBS7qUDymO8SV7kjeNext61OdmqFAzuVZom+OLW1HPHseBfJ/JfdSlx8oTUoA==}
    cpu: [arm64]
    os: [linux]
    requiresBuild: true
    dev: true
    optional: true

  /esbuild-linux-mips64le/0.13.15:
    resolution: {integrity: sha512-KlVjIG828uFPyJkO/8gKwy9RbXhCEUeFsCGOJBepUlpa7G8/SeZgncUEz/tOOUJTcWMTmFMtdd3GElGyAtbSWg==}
    cpu: [mips64el]
    os: [linux]
    requiresBuild: true
    dev: true
    optional: true

  /esbuild-linux-ppc64le/0.13.15:
    resolution: {integrity: sha512-h6gYF+OsaqEuBjeesTBtUPw0bmiDu7eAeuc2OEH9S6mV9/jPhPdhOWzdeshb0BskRZxPhxPOjqZ+/OqLcxQwEQ==}
    cpu: [ppc64]
    os: [linux]
    requiresBuild: true
    dev: true
    optional: true

  /esbuild-netbsd-64/0.13.15:
    resolution: {integrity: sha512-3+yE9emwoevLMyvu+iR3rsa+Xwhie7ZEHMGDQ6dkqP/ndFzRHkobHUKTe+NCApSqG5ce2z4rFu+NX/UHnxlh3w==}
    cpu: [x64]
    os: [netbsd]
    requiresBuild: true
    dev: true
    optional: true

  /esbuild-openbsd-64/0.13.15:
    resolution: {integrity: sha512-wTfvtwYJYAFL1fSs8yHIdf5GEE4NkbtbXtjLWjM3Cw8mmQKqsg8kTiqJ9NJQe5NX/5Qlo7Xd9r1yKMMkHllp5g==}
    cpu: [x64]
    os: [openbsd]
    requiresBuild: true
    dev: true
    optional: true

  /esbuild-sass-plugin/2.10.0_esbuild@0.13.15:
    resolution: {integrity: sha512-STv849QGT8g77RRFmroSt4VBVKjv+dypKcO4aWz8IP4G5JbRH0KC0+B8ODuzlUNu9R5MbkGcev/62RDP/JcZ2Q==}
    peerDependencies:
      esbuild: ^0.18.0
    dependencies:
      esbuild: 0.13.15
      resolve: 1.22.2
      sass: 1.63.6
    dev: true

  /esbuild-sunos-64/0.13.15:
    resolution: {integrity: sha512-lbivT9Bx3t1iWWrSnGyBP9ODriEvWDRiweAs69vI+miJoeKwHWOComSRukttbuzjZ8r1q0mQJ8Z7yUsDJ3hKdw==}
    cpu: [x64]
    os: [sunos]
    requiresBuild: true
    dev: true
    optional: true

  /esbuild-windows-32/0.13.15:
    resolution: {integrity: sha512-fDMEf2g3SsJ599MBr50cY5ve5lP1wyVwTe6aLJsM01KtxyKkB4UT+fc5MXQFn3RLrAIAZOG+tHC+yXObpSn7Nw==}
    cpu: [ia32]
    os: [win32]
    requiresBuild: true
    dev: true
    optional: true

  /esbuild-windows-64/0.13.15:
    resolution: {integrity: sha512-9aMsPRGDWCd3bGjUIKG/ZOJPKsiztlxl/Q3C1XDswO6eNX/Jtwu4M+jb6YDH9hRSUflQWX0XKAfWzgy5Wk54JQ==}
    cpu: [x64]
    os: [win32]
    requiresBuild: true
    dev: true
    optional: true

  /esbuild-windows-arm64/0.13.15:
    resolution: {integrity: sha512-zzvyCVVpbwQQATaf3IG8mu1IwGEiDxKkYUdA4FpoCHi1KtPa13jeScYDjlW0Qh+ebWzpKfR2ZwvqAQkSWNcKjA==}
    cpu: [arm64]
    os: [win32]
    requiresBuild: true
    dev: true
    optional: true

  /esbuild/0.13.15:
    resolution: {integrity: sha512-raCxt02HBKv8RJxE8vkTSCXGIyKHdEdGfUmiYb8wnabnaEmHzyW7DCHb5tEN0xU8ryqg5xw54mcwnYkC4x3AIw==}
    hasBin: true
    requiresBuild: true
    optionalDependencies:
      esbuild-android-arm64: 0.13.15
      esbuild-darwin-64: 0.13.15
      esbuild-darwin-arm64: 0.13.15
      esbuild-freebsd-64: 0.13.15
      esbuild-freebsd-arm64: 0.13.15
      esbuild-linux-32: 0.13.15
      esbuild-linux-64: 0.13.15
      esbuild-linux-arm: 0.13.15
      esbuild-linux-arm64: 0.13.15
      esbuild-linux-mips64le: 0.13.15
      esbuild-linux-ppc64le: 0.13.15
      esbuild-netbsd-64: 0.13.15
      esbuild-openbsd-64: 0.13.15
      esbuild-sunos-64: 0.13.15
      esbuild-windows-32: 0.13.15
      esbuild-windows-64: 0.13.15
      esbuild-windows-arm64: 0.13.15
    dev: true

  /fill-range/7.0.1:
    resolution: {integrity: sha512-qOo9F+dMUmC2Lcb4BbVvnKJxTPjCm+RRpe4gDuGrzkL7mEVl/djYSu2OdQ2Pa302N4oqkSg9ir6jaLWJ2USVpQ==}
    engines: {node: '>=8'}
    dependencies:
      to-regex-range: 5.0.1
    dev: true

  /fs-extra/8.1.0:
    resolution: {integrity: sha512-yhlQgA6mnOJUKOsRUFsgJdQCvkKhcz8tlZG5HBQfReYZy46OwLcY+Zia0mtdHsOo9y/hP+CxMN0TU9QxoOtG4g==}
    engines: {node: '>=6 <7 || >=8'}
    dependencies:
      graceful-fs: 4.2.11
      jsonfile: 4.0.0
      universalify: 0.1.2
    dev: false

  /fsevents/2.3.2:
    resolution: {integrity: sha512-xiqMQR4xAeHTuB9uWm+fFRcIOgKBMiOBP+eXiyT7jsgVCq1bkVygt00oASowB7EdtpOHaaPgKt812P9ab+DDKA==}
    engines: {node: ^8.16.0 || ^10.6.0 || >=11.0.0}
    os: [darwin]
    requiresBuild: true
    dev: true
    optional: true

  /function-bind/1.1.1:
    resolution: {integrity: sha512-yIovAzMX49sF8Yl58fSCWJ5svSLuaibPxXQJFLmBObTuCr0Mf1KiPopGM9NiFjiYBCbfaa2Fh6breQ6ANVTI0A==}
    dev: true

  /glob-parent/5.1.2:
    resolution: {integrity: sha512-AOIgSQCepiJYwP3ARnGx+5VnTu2HBYdzbGP45eLw1vr3zB3vZLeyed1sC9hnbcOc9/SrMyM5RPQrkGz4aS9Zow==}
    engines: {node: '>= 6'}
    dependencies:
      is-glob: 4.0.3
    dev: true

  /graceful-fs/4.2.11:
    resolution: {integrity: sha512-RbJ5/jmFcNNCcDV5o9eTnBLJ/HszWV0P73bc+Ff4nS/rJj+YaS6IGyiOL0VoBYX+l1Wrl3k63h/KrH+nhJ0XvQ==}
    dev: false

  /has/1.0.3:
    resolution: {integrity: sha512-f2dvO0VU6Oej7RkWJGrehjbzMAjFp5/VKPp5tTpWIV4JHHZK1/BxbFRtf/siA2SWTe09caDmVtYYzWEIbBS4zw==}
    engines: {node: '>= 0.4.0'}
    dependencies:
      function-bind: 1.1.1
    dev: true

  /immutable/4.3.0:
    resolution: {integrity: sha512-0AOCmOip+xgJwEVTQj1EfiDDOkPmuyllDuTuEX+DDXUgapLAsBIfkg3sxCYyCEA8mQqZrrxPUGjcOQ2JS3WLkg==}
    dev: true

  /is-binary-path/2.1.0:
    resolution: {integrity: sha512-ZMERYes6pDydyuGidse7OsHxtbI7WVeUEozgR/g7rd0xUimYNlvZRE/K2MgZTjWy725IfelLeVcEM97mmtRGXw==}
    engines: {node: '>=8'}
    dependencies:
      binary-extensions: 2.2.0
    dev: true

  /is-core-module/2.12.1:
    resolution: {integrity: sha512-Q4ZuBAe2FUsKtyQJoQHlvP8OvBERxO3jEmy1I7hcRXcJBGGHFh/aJBswbXuS9sgrDH2QUO8ilkwNPHvHMd8clg==}
    dependencies:
      has: 1.0.3
    dev: true

  /is-extglob/2.1.1:
    resolution: {integrity: sha512-SbKbANkN603Vi4jEZv49LeVJMn4yGwsbzZworEoyEiutsN3nJYdbO36zfhGJ6QEDpOZIFkDtnq5JRxmvl3jsoQ==}
    engines: {node: '>=0.10.0'}
    dev: true

  /is-glob/4.0.3:
    resolution: {integrity: sha512-xelSayHH36ZgE7ZWhli7pW34hNbNl8Ojv5KVmkJD4hBdD3th8Tfk9vYasLM+mXWOZhFkgZfxhLSnrwRr4elSSg==}
    engines: {node: '>=0.10.0'}
    dependencies:
      is-extglob: 2.1.1
    dev: true

  /is-number/7.0.0:
    resolution: {integrity: sha512-41Cifkg6e8TylSpdtTpeLVMqvSBEVzTttHvERD741+pnZ8ANv0004MRL43QKPDlK9cGvNp6NZWZUBlbGXYxxng==}
    engines: {node: '>=0.12.0'}
    dev: true

  /jsonfile/4.0.0:
    resolution: {integrity: sha512-m6F1R3z8jjlf2imQHS2Qez5sjKWQzbuuhuJ/FKYFRZvPE3PuHcSMVZzfsLhGVOkfd20obL5SWEBew5ShlquNxg==}
    optionalDependencies:
      graceful-fs: 4.2.11
    dev: false

  /jsonfile/5.0.0:
    resolution: {integrity: sha512-NQRZ5CRo74MhMMC3/3r5g2k4fjodJ/wh8MxjFbCViWKFjxrnudWSY5vomh+23ZaXzAS7J3fBZIR2dV6WbmfM0w==}
    dependencies:
      universalify: 0.1.2
    optionalDependencies:
      graceful-fs: 4.2.11
    dev: false

  /lodash/4.17.21:
    resolution: {integrity: sha512-v2kDEe57lecTulaDIuNTPy3Ry4gLGJ6Z1O3vE1krgXZNrsQ+LFTGHVxVjcXPs17LhbZVGedAJv8XZ1tvj5FvSg==}
    dev: false

  /moment/2.29.1:
    resolution: {integrity: sha512-kHmoybcPV8Sqy59DwNDY3Jefr64lK/by/da0ViFcuA4DH0vQg5Q6Ze5VimxkfQNSC+Mls/Kx53s7TjP1RhFEDQ==}
    dev: false

  /node-emoji/1.11.0:
    resolution: {integrity: sha512-wo2DpQkQp7Sjm2A0cq+sN7EHKO6Sl0ctXeBdFZrL9T9+UywORbufTcTZxom8YqpLQt/FqNMUkOpkZrJVYSKD3A==}
    dependencies:
      lodash: 4.17.21
    dev: false

  /normalize-path/3.0.0:
    resolution: {integrity: sha512-6eZs5Ls3WtCisHWp9S2GUy8dqkpGi4BVSz3GaqiE6ezub0512ESztXUwUB6C6IKbQkY2Pnb/mD4WYojCRwcwLA==}
    engines: {node: '>=0.10.0'}
    dev: true

  /obsidian/0.13.30:
    resolution: {integrity: sha512-uAOrIyeHE9qYzg1Qjfpy/qlyLUFX9oyKWeHYO8NVDoI+pm5VUTMe7XWcsXPwb9iVsVmggVJcdV15Vqm9bljhxQ==}
    dependencies:
      '@codemirror/state': 0.19.9
      '@codemirror/view': 0.19.48
      '@types/codemirror': 0.0.108
      moment: 2.29.1
    dev: false

  /path-parse/1.0.7:
    resolution: {integrity: sha512-LDJzPVEEEPR+y48z93A0Ed0yXb8pAByGWo/k5YYdYgpY2/2EsOsksJrq7lOHxryrVOn1ejG6oAp8ahvOIQD8sw==}
    dev: true

  /picomatch/2.3.1:
    resolution: {integrity: sha512-JU3teHTNjmE2VCGFzuY8EXzCDVwEqB2a8fsIvwaStHhAWJEeVd1o1QD80CU6+ZdEXXSLbSsuLwJjkCBWqRQUVA==}
    engines: {node: '>=8.6'}
    dev: true

  /readdirp/3.6.0:
    resolution: {integrity: sha512-hOS089on8RduqdbhvQ5Z37A0ESjsqz6qnRcffsMU3495FuTdqSm+7bhJ29JvIOsBDEEnan5DPu9t3To9VRlMzA==}
    engines: {node: '>=8.10.0'}
    dependencies:
      picomatch: 2.3.1
    dev: true

  /resolve/1.22.2:
    resolution: {integrity: sha512-Sb+mjNHOULsBv818T40qSPeRiuWLyaGMa5ewydRLFimneixmVy2zdivRl+AF6jaYPC8ERxGDmFSiqui6SfPd+g==}
    hasBin: true
    dependencies:
      is-core-module: 2.12.1
      path-parse: 1.0.7
      supports-preserve-symlinks-flag: 1.0.0
    dev: true

  /sass/1.63.6:
    resolution: {integrity: sha512-MJuxGMHzaOW7ipp+1KdELtqKbfAWbH7OLIdoSMnVe3EXPMTmxTmlaZDCTsgIpPCs3w99lLo9/zDKkOrJuT5byw==}
    engines: {node: '>=14.0.0'}
    hasBin: true
    dependencies:
      chokidar: 3.5.3
      immutable: 4.3.0
      source-map-js: 1.0.2
    dev: true

  /source-map-js/1.0.2:
    resolution: {integrity: sha512-R0XvVJ9WusLiqTCEiGCmICCMplcCkIwwR11mOSD9CR5u+IXYdiseeEuXCVAjS54zqwkLcPNnmU4OeJ6tUrWhDw==}
    engines: {node: '>=0.10.0'}
    dev: true

  /style-mod/4.0.3:
    resolution: {integrity: sha512-78Jv8kYJdjbvRwwijtCevYADfsI0lGzYJe4mMFdceO8l75DFFDoqBhR1jVDicDRRaX4//g1u9wKeo+ztc2h1Rw==}
    dev: false

  /supports-preserve-symlinks-flag/1.0.0:
    resolution: {integrity: sha512-ot0WnXS9fgdkgIcePe6RHNk1WA8+muPa6cSjeR3V8K27q9BB1rTE3R1p7Hv0z1ZyAc8s6Vvv8DIyWf681MAt0w==}
    engines: {node: '>= 0.4'}
    dev: true

  /to-regex-range/5.0.1:
    resolution: {integrity: sha512-65P7iz6X5yEr1cwcgvQxbbIw7Uk3gOy5dIdtZ4rDveLqhrdJP+Li/Hx6tyK0NEb+2GCyneCMJiGqrADCSNk8sQ==}
    engines: {node: '>=8.0'}
    dependencies:
      is-number: 7.0.0
    dev: true

  /tslib/2.5.3:
    resolution: {integrity: sha512-mSxlJJwl3BMEQCUNnxXBU9jP4JBktcEGhURcPR6VQVlnP0FdDEsIaz0C35dXNGLyRfrATNofF0F5p2KPxQgB+w==}
    dev: true

  /twemoji-parser/13.1.0:
    resolution: {integrity: sha512-AQOzLJpYlpWMy8n+0ATyKKZzWlZBJN+G0C+5lhX7Ftc2PeEVdUU/7ns2Pn2vVje26AIZ/OHwFoUbdv6YYD/wGg==}
    dev: false

  /twemoji/13.1.1:
    resolution: {integrity: sha512-IIIoq+n1lk1M1+evBKZD3DO0ud02fDQ4ssbgAv8rp3YBWUeNmskjlisFUPPDacQ50XS3bhrd4Kq9Q2gqhxb0dg==}
    dependencies:
      fs-extra: 8.1.0
      jsonfile: 5.0.0
      twemoji-parser: 13.1.0
      universalify: 0.1.2
    dev: false

  /typescript/4.9.5:
    resolution: {integrity: sha512-1FXk9E2Hm+QzZQ7z+McJiHL4NW1F2EzMu9Nq9i3zAaGqibafqYwCVU6WyWAuyQRRzOlxou8xZSyXLEN8oKj24g==}
    engines: {node: '>=4.2.0'}
    hasBin: true
    dev: true

  /universalify/0.1.2:
    resolution: {integrity: sha512-rBJeI5CXAlmy1pV+617WB9J63U6XcazHHF2f2dbJix4XzpUF0RS3Zbj0FGIOCAva5P/d/GBOYaACQ1w+0azUkg==}
    engines: {node: '>= 4.0.0'}
    dev: false

  /validator/13.9.0:
    resolution: {integrity: sha512-B+dGG8U3fdtM0/aNK4/X8CXq/EcxU2WPrPEkJGslb47qyHsxmbggTWK0yEA4qnYVNF+nxNlN88o14hIcPmSIEA==}
    engines: {node: '>= 0.10'}
    dev: false

  /w3c-keyname/2.2.8:
    resolution: {integrity: sha512-dpojBhNsCNN7T82Tm7k26A6G9ML3NkhDsnw9n/eoxSRlVBB4CEtIQ/KTCLI2Fwf3ataSXRhYFkQi3SlnFwPvPQ==}
    dev: false
